
Microsoft Visual Studio Solution File, Format Version 12.00
# Visual Studio Version 17
VisualStudioVersion = 17.0.31903.59
MinimumVisualStudioVersion = 10.0.40219.1
Project("{2150E333-8FDC-42A3-9474-1A3956D46DE8}") = "src", "src", "{827E0CD3-B72D-47B6-A68D-7590B98EB39B}"
EndProject
Project("{2150E333-8FDC-42A3-9474-1A3956D46DE8}") = "Api", "Api", "{81034408-37C8-1011-444E-4C15C2FADA8E}"
EndProject
Project("{FAE04EC0-301F-11D3-BF4B-00C04F79EFBC}") = "NafasLand.Admin.Api", "src\Api\NafasLand.Admin.Api.csproj", "{6201477E-B2FE-44CE-B973-D471C0949717}"
EndProject
Project("{2150E333-8FDC-42A3-9474-1A3956D46DE8}") = "Shared", "Shared", "{C8E42992-5E42-0C2B-DBFE-AA848D06431C}"
EndProject
Project("{2150E333-8FDC-42A3-9474-1A3956D46DE8}") = "Kernel", "Kernel", "{395550EB-BC2E-5DA5-C7D4-BB130739CB00}"
EndProject
Project("{FAE04EC0-301F-11D3-BF4B-00C04F79EFBC}") = "NafasLand.Admin.Shared.Kernel", "src\Shared\Kernel\NafasLand.Admin.Shared.Kernel.csproj", "{748A9D37-3CBE-4879-9F9F-3618182EFE50}"
EndProject
Project("{2150E333-8FDC-42A3-9474-1A3956D46DE8}") = "Infrastructure", "Infrastructure", "{4695FFD0-0F29-CFDF-AB1D-8C675D9BAEFE}"
EndProject
Project("{FAE04EC0-301F-11D3-BF4B-00C04F79EFBC}") = "NafasLand.Admin.Shared.Infrastructure", "src\Shared\Infrastructure\NafasLand.Admin.Shared.Infrastructure.csproj", "{004CD7C2-1CF1-472B-9DC2-DFA605F7775E}"
EndProject
Project("{2150E333-8FDC-42A3-9474-1A3956D46DE8}") = "Modules", "Modules", "{EC447DCF-ABFA-6E24-52A5-D7FD48A5C558}"
EndProject
Project("{2150E333-8FDC-42A3-9474-1A3956D46DE8}") = "Sample", "Sample", "{6A173257-F0CB-840E-F874-18C1C6133E74}"
EndProject
Project("{FAE04EC0-301F-11D3-BF4B-00C04F79EFBC}") = "NafasLand.Admin.Modules.Sample", "src\Modules\Sample\NafasLand.Admin.Modules.Sample.csproj", "{15D02175-C985-44D8-82A6-3D61115BB696}"
EndProject
Project("{2150E333-8FDC-42A3-9474-1A3956D46DE8}") = "tests", "tests", "{0AB3BF05-4346-4AA6-1389-037BE0695223}"
EndProject
Project("{FAE04EC0-301F-11D3-BF4B-00C04F79EFBC}") = "NafasLand.Admin.Architecture.Tests", "tests\NafasLand.Admin.Architecture.Tests\NafasLand.Admin.Architecture.Tests.csproj", "{AAFC5DE4-82FB-4539-9A42-7EC78141BD83}"
EndProject
Project("{FAE04EC0-301F-11D3-BF4B-00C04F79EFBC}") = "NafasLand.Admin.Shared.Kernel.Tests", "tests\NafasLand.Admin.Shared.Kernel.Tests\NafasLand.Admin.Shared.Kernel.Tests.csproj", "{5EDEBC72-97A5-4CE4-9E17-B9BF9C2B76EF}"
EndProject
Project("{FAE04EC0-301F-11D3-BF4B-00C04F79EFBC}") = "NafasLand.Admin.Modules.Sample.Tests", "tests\NafasLand.Admin.Modules.Sample.Tests\NafasLand.Admin.Modules.Sample.Tests.csproj", "{4F8A0207-0B0B-4342-87D0-5B2E2DA99EF2}"
EndProject
Project("{2150E333-8FDC-42A3-9474-1A3956D46DE8}") = "Identity", "Identity", "{0EC62A1A-9858-3A60-8A0C-FC9AACFA2EC7}"
EndProject
Project("{FAE04EC0-301F-11D3-BF4B-00C04F79EFBC}") = "NafasLand.Admin.Modules.Identity", "src\Modules\Identity\NafasLand.Admin.Modules.Identity.csproj", "{7921D4F1-A2DA-494D-B3F3-D60B2030FA04}"
EndProject
Project("{FAE04EC0-301F-11D3-BF4B-00C04F79EFBC}") = "NafasLand.Admin.Modules.Identity.Tests", "tests\NafasLand.Admin.Modules.Identity.Tests\NafasLand.Admin.Modules.Identity.Tests.csproj", "{958306F4-C1EC-4730-B11D-BA0A0F06A50E}"
EndProject
Project("{2150E333-8FDC-42A3-9474-1A3956D46DE8}") = "Auditing", "Auditing", "{5B7C77CB-6378-A4C3-91FB-D682616ECDD1}"
EndProject
Project("{FAE04EC0-301F-11D3-BF4B-00C04F79EFBC}") = "NafasLand.Admin.Modules.Auditing", "src\Modules\Auditing\NafasLand.Admin.Modules.Auditing.csproj", "{B43F00B3-220C-4344-9F13-69770E5A8B74}"
EndProject
Project("{FAE04EC0-301F-11D3-BF4B-00C04F79EFBC}") = "NafasLand.Admin.Modules.Auditing.Tests", "tests\NafasLand.Admin.Modules.Auditing.Tests\NafasLand.Admin.Modules.Auditing.Tests.csproj", "{3A728D3F-E3A5-4BD2-AA93-B72CD3569655}"
EndProject
Project("{2150E333-8FDC-42A3-9474-1A3956D46DE8}") = "Catalog", "Catalog", "{C3000000-0000-4000-8000-000000000001}"
EndProject
Project("{FAE04EC0-301F-11D3-BF4B-00C04F79EFBC}") = "NafasLand.Admin.Modules.Catalog", "src\Modules\Catalog\NafasLand.Admin.Modules.Catalog.csproj", "{C3000000-0000-4000-8000-000000000002}"
EndProject
Project("{FAE04EC0-301F-11D3-BF4B-00C04F79EFBC}") = "NafasLand.Admin.Modules.Catalog.Tests", "tests\NafasLand.Admin.Modules.Catalog.Tests\NafasLand.Admin.Modules.Catalog.Tests.csproj", "{C3000000-0000-4000-8000-000000000003}"
EndProject
Global
	GlobalSection(SolutionConfigurationPlatforms) = preSolution
		Debug|Any CPU = Debug|Any CPU
		Debug|x64 = Debug|x64
		Debug|x86 = Debug|x86
		Release|Any CPU = Release|Any CPU
		Release|x64 = Release|x64
		Release|x86 = Release|x86
	EndGlobalSection
	GlobalSection(ProjectConfigurationPlatforms) = postSolution
		{6201477E-B2FE-44CE-B973-D471C0949717}.Debug|Any CPU.ActiveCfg = Debug|Any CPU
		{6201477E-B2FE-44CE-B973-D471C0949717}.Debug|Any CPU.Build.0 = Debug|Any CPU
		{6201477E-B2FE-44CE-B973-D471C0949717}.Debug|x64.ActiveCfg = Debug|Any CPU
		{6201477E-B2FE-44CE-B973-D471C0949717}.Debug|x64.Build.0 = Debug|Any CPU
		{6201477E-B2FE-44CE-B973-D471C0949717}.Debug|x86.ActiveCfg = Debug|Any CPU
		{6201477E-B2FE-44CE-B973-D471C0949717}.Debug|x86.Build.0 = Debug|Any CPU
		{6201477E-B2FE-44CE-B973-D471C0949717}.Release|Any CPU.ActiveCfg = Release|Any CPU
		{6201477E-B2FE-44CE-B973-D471C0949717}.Release|Any CPU.Build.0 = Release|Any CPU
		{6201477E-B2FE-44CE-B973-D471C0949717}.Release|x64.ActiveCfg = Release|Any CPU
		{6201477E-B2FE-44CE-B973-D471C0949717}.Release|x64.Build.0 = Release|Any CPU
		{6201477E-B2FE-44CE-B973-D471C0949717}.Release|x86.ActiveCfg = Release|Any CPU
		{6201477E-B2FE-44CE-B973-D471C0949717}.Release|x86.Build.0 = Release|Any CPU
		{748A9D37-3CBE-4879-9F9F-3618182EFE50}.Debug|Any CPU.ActiveCfg = Debug|Any CPU
		{748A9D37-3CBE-4879-9F9F-3618182EFE50}.Debug|Any CPU.Build.0 = Debug|Any CPU
		{748A9D37-3CBE-4879-9F9F-3618182EFE50}.Debug|x64.ActiveCfg = Debug|Any CPU
		{748A9D37-3CBE-4879-9F9F-3618182EFE50}.Debug|x64.Build.0 = Debug|Any CPU
		{748A9D37-3CBE-4879-9F9F-3618182EFE50}.Debug|x86.ActiveCfg = Debug|Any CPU
		{748A9D37-3CBE-4879-9F9F-3618182EFE50}.Debug|x86.Build.0 = Debug|Any CPU
		{748A9D37-3CBE-4879-9F9F-3618182EFE50}.Release|Any CPU.ActiveCfg = Release|Any CPU
		{748A9D37-3CBE-4879-9F9F-3618182EFE50}.Release|Any CPU.Build.0 = Release|Any CPU
		{748A9D37-3CBE-4879-9F9F-3618182EFE50}.Release|x64.ActiveCfg = Release|Any CPU
		{748A9D37-3CBE-4879-9F9F-3618182EFE50}.Release|x64.Build.0 = Release|Any CPU
		{748A9D37-3CBE-4879-9F9F-3618182EFE50}.Release|x86.ActiveCfg = Release|Any CPU
		{748A9D37-3CBE-4879-9F9F-3618182EFE50}.Release|x86.Build.0 = Release|Any CPU
		{004CD7C2-1CF1-472B-9DC2-DFA605F7775E}.Debug|Any CPU.ActiveCfg = Debug|Any CPU
		{004CD7C2-1CF1-472B-9DC2-DFA605F7775E}.Debug|Any CPU.Build.0 = Debug|Any CPU
		{004CD7C2-1CF1-472B-9DC2-DFA605F7775E}.Debug|x64.ActiveCfg = Debug|Any CPU
		{004CD7C2-1CF1-472B-9DC2-DFA605F7775E}.Debug|x64.Build.0 = Debug|Any CPU
		{004CD7C2-1CF1-472B-9DC2-DFA605F7775E}.Debug|x86.ActiveCfg = Debug|Any CPU
		{004CD7C2-1CF1-472B-9DC2-DFA605F7775E}.Debug|x86.Build.0 = Debug|Any CPU
		{004CD7C2-1CF1-472B-9DC2-DFA605F7775E}.Release|Any CPU.ActiveCfg = Release|Any CPU
		{004CD7C2-1CF1-472B-9DC2-DFA605F7775E}.Release|Any CPU.Build.0 = Release|Any CPU
		{004CD7C2-1CF1-472B-9DC2-DFA605F7775E}.Release|x64.ActiveCfg = Release|Any CPU
		{004CD7C2-1CF1-472B-9DC2-DFA605F7775E}.Release|x64.Build.0 = Release|Any CPU
		{004CD7C2-1CF1-472B-9DC2-DFA605F7775E}.Release|x86.ActiveCfg = Release|Any CPU
		{004CD7C2-1CF1-472B-9DC2-DFA605F7775E}.Release|x86.Build.0 = Release|Any CPU
		{15D02175-C985-44D8-82A6-3D61115BB696}.Debug|Any CPU.ActiveCfg = Debug|Any CPU
		{15D02175-C985-44D8-82A6-3D61115BB696}.Debug|Any CPU.Build.0 = Debug|Any CPU
		{15D02175-C985-44D8-82A6-3D61115BB696}.Debug|x64.ActiveCfg = Debug|Any CPU
		{15D02175-C985-44D8-82A6-3D61115BB696}.Debug|x64.Build.0 = Debug|Any CPU
		{15D02175-C985-44D8-82A6-3D61115BB696}.Debug|x86.ActiveCfg = Debug|Any CPU
		{15D02175-C985-44D8-82A6-3D61115BB696}.Debug|x86.Build.0 = Debug|Any CPU
		{15D02175-C985-44D8-82A6-3D61115BB696}.Release|Any CPU.ActiveCfg = Release|Any CPU
		{15D02175-C985-44D8-82A6-3D61115BB696}.Release|Any CPU.Build.0 = Release|Any CPU
		{15D02175-C985-44D8-82A6-3D61115BB696}.Release|x64.ActiveCfg = Release|Any CPU
		{15D02175-C985-44D8-82A6-3D61115BB696}.Release|x64.Build.0 = Release|Any CPU
		{15D02175-C985-44D8-82A6-3D61115BB696}.Release|x86.ActiveCfg = Release|Any CPU
		{15D02175-C985-44D8-82A6-3D61115BB696}.Release|x86.Build.0 = Release|Any CPU
		{AAFC5DE4-82FB-4539-9A42-7EC78141BD83}.Debug|Any CPU.ActiveCfg = Debug|Any CPU
		{AAFC5DE4-82FB-4539-9A42-7EC78141BD83}.Debug|Any CPU.Build.0 = Debug|Any CPU
		{AAFC5DE4-82FB-4539-9A42-7EC78141BD83}.Debug|x64.ActiveCfg = Debug|Any CPU
		{AAFC5DE4-82FB-4539-9A42-7EC78141BD83}.Debug|x64.Build.0 = Debug|Any CPU
		{AAFC5DE4-82FB-4539-9A42-7EC78141BD83}.Debug|x86.ActiveCfg = Debug|Any CPU
		{AAFC5DE4-82FB-4539-9A42-7EC78141BD83}.Debug|x86.Build.0 = Debug|Any CPU
		{AAFC5DE4-82FB-4539-9A42-7EC78141BD83}.Release|Any CPU.ActiveCfg = Release|Any CPU
		{AAFC5DE4-82FB-4539-9A42-7EC78141BD83}.Release|Any CPU.Build.0 = Release|Any CPU
		{AAFC5DE4-82FB-4539-9A42-7EC78141BD83}.Release|x64.ActiveCfg = Release|Any CPU
		{AAFC5DE4-82FB-4539-9A42-7EC78141BD83}.Release|x64.Build.0 = Release|Any CPU
		{AAFC5DE4-82FB-4539-9A42-7EC78141BD83}.Release|x86.ActiveCfg = Release|Any CPU
		{AAFC5DE4-82FB-4539-9A42-7EC78141BD83}.Release|x86.Build.0 = Release|Any CPU
		{5EDEBC72-97A5-4CE4-9E17-B9BF9C2B76EF}.Debug|Any CPU.ActiveCfg = Debug|Any CPU
		{5EDEBC72-97A5-4CE4-9E17-B9BF9C2B76EF}.Debug|Any CPU.Build.0 = Debug|Any CPU
		{5EDEBC72-97A5-4CE4-9E17-B9BF9C2B76EF}.Debug|x64.ActiveCfg = Debug|Any CPU
		{5EDEBC72-97A5-4CE4-9E17-B9BF9C2B76EF}.Debug|x64.Build.0 = Debug|Any CPU
		{5EDEBC72-97A5-4CE4-9E17-B9BF9C2B76EF}.Debug|x86.ActiveCfg = Debug|Any CPU
		{5EDEBC72-97A5-4CE4-9E17-B9BF9C2B76EF}.Debug|x86.Build.0 = Debug|Any CPU
		{5EDEBC72-97A5-4CE4-9E17-B9BF9C2B76EF}.Release|Any CPU.ActiveCfg = Release|Any CPU
		{5EDEBC72-97A5-4CE4-9E17-B9BF9C2B76EF}.Release|Any CPU.Build.0 = Release|Any CPU
		{5EDEBC72-97A5-4CE4-9E17-B9BF9C2B76EF}.Release|x64.ActiveCfg = Release|Any CPU
		{5EDEBC72-97A5-4CE4-9E17-B9BF9C2B76EF}.Release|x64.Build.0 = Release|Any CPU
		{5EDEBC72-97A5-4CE4-9E17-B9BF9C2B76EF}.Release|x86.ActiveCfg = Release|Any CPU
		{5EDEBC72-97A5-4CE4-9E17-B9BF9C2B76EF}.Release|x86.Build.0 = Release|Any CPU
		{4F8A0207-0B0B-4342-87D0-5B2E2DA99EF2}.Debug|Any CPU.ActiveCfg = Debug|Any CPU
		{4F8A0207-0B0B-4342-87D0-5B2E2DA99EF2}.Debug|Any CPU.Build.0 = Debug|Any CPU
		{4F8A0207-0B0B-4342-87D0-5B2E2DA99EF2}.Debug|x64.ActiveCfg = Debug|Any CPU
		{4F8A0207-0B0B-4342-87D0-5B2E2DA99EF2}.Debug|x64.Build.0 = Debug|Any CPU
		{4F8A0207-0B0B-4342-87D0-5B2E2DA99EF2}.Debug|x86.ActiveCfg = Debug|Any CPU
		{4F8A0207-0B0B-4342-87D0-5B2E2DA99EF2}.Debug|x86.Build.0 = Debug|Any CPU
		{4F8A0207-0B0B-4342-87D0-5B2E2DA99EF2}.Release|Any CPU.ActiveCfg = Release|Any CPU
		{4F8A0207-0B0B-4342-87D0-5B2E2DA99EF2}.Release|Any CPU.Build.0 = Release|Any CPU
		{4F8A0207-0B0B-4342-87D0-5B2E2DA99EF2}.Release|x64.ActiveCfg = Release|Any CPU
		{4F8A0207-0B0B-4342-87D0-5B2E2DA99EF2}.Release|x64.Build.0 = Release|Any CPU
		{4F8A0207-0B0B-4342-87D0-5B2E2DA99EF2}.Release|x86.ActiveCfg = Release|Any CPU
		{4F8A0207-0B0B-4342-87D0-5B2E2DA99EF2}.Release|x86.Build.0 = Release|Any CPU
		{7921D4F1-A2DA-494D-B3F3-D60B2030FA04}.Debug|Any CPU.ActiveCfg = Debug|Any CPU
		{7921D4F1-A2DA-494D-B3F3-D60B2030FA04}.Debug|Any CPU.Build.0 = Debug|Any CPU
		{7921D4F1-A2DA-494D-B3F3-D60B2030FA04}.Debug|x64.ActiveCfg = Debug|Any CPU
		{7921D4F1-A2DA-494D-B3F3-D60B2030FA04}.Debug|x64.Build.0 = Debug|Any CPU
		{7921D4F1-A2DA-494D-B3F3-D60B2030FA04}.Debug|x86.ActiveCfg = Debug|Any CPU
		{7921D4F1-A2DA-494D-B3F3-D60B2030FA04}.Debug|x86.Build.0 = Debug|Any CPU
		{7921D4F1-A2DA-494D-B3F3-D60B2030FA04}.Release|Any CPU.ActiveCfg = Release|Any CPU
		{7921D4F1-A2DA-494D-B3F3-D60B2030FA04}.Release|Any CPU.Build.0 = Release|Any CPU
		{7921D4F1-A2DA-494D-B3F3-D60B2030FA04}.Release|x64.ActiveCfg = Release|Any CPU
		{7921D4F1-A2DA-494D-B3F3-D60B2030FA04}.Release|x64.Build.0 = Release|Any CPU
		{7921D4F1-A2DA-494D-B3F3-D60B2030FA04}.Release|x86.ActiveCfg = Release|Any CPU
		{7921D4F1-A2DA-494D-B3F3-D60B2030FA04}.Release|x86.Build.0 = Release|Any CPU
		{958306F4-C1EC-4730-B11D-BA0A0F06A50E}.Debug|Any CPU.ActiveCfg = Debug|Any CPU
		{958306F4-C1EC-4730-B11D-BA0A0F06A50E}.Debug|Any CPU.Build.0 = Debug|Any CPU
		{958306F4-C1EC-4730-B11D-BA0A0F06A50E}.Debug|x64.ActiveCfg = Debug|Any CPU
		{958306F4-C1EC-4730-B11D-BA0A0F06A50E}.Debug|x64.Build.0 = Debug|Any CPU
		{958306F4-C1EC-4730-B11D-BA0A0F06A50E}.Debug|x86.ActiveCfg = Debug|Any CPU
		{958306F4-C1EC-4730-B11D-BA0A0F06A50E}.Debug|x86.Build.0 = Debug|Any CPU
		{958306F4-C1EC-4730-B11D-BA0A0F06A50E}.Release|Any CPU.ActiveCfg = Release|Any CPU
		{958306F4-C1EC-4730-B11D-BA0A0F06A50E}.Release|Any CPU.Build.0 = Release|Any CPU
		{958306F4-C1EC-4730-B11D-BA0A0F06A50E}.Release|x64.ActiveCfg = Release|Any CPU
		{958306F4-C1EC-4730-B11D-BA0A0F06A50E}.Release|x64.Build.0 = Release|Any CPU
		{958306F4-C1EC-4730-B11D-BA0A0F06A50E}.Release|x86.ActiveCfg = Release|Any CPU
		{958306F4-C1EC-4730-B11D-BA0A0F06A50E}.Release|x86.Build.0 = Release|Any CPU
		{B43F00B3-220C-4344-9F13-69770E5A8B74}.Debug|Any CPU.ActiveCfg = Debug|Any CPU
		{B43F00B3-220C-4344-9F13-69770E5A8B74}.Debug|Any CPU.Build.0 = Debug|Any CPU
		{B43F00B3-220C-4344-9F13-69770E5A8B74}.Debug|x64.ActiveCfg = Debug|Any CPU
		{B43F00B3-220C-4344-9F13-69770E5A8B74}.Debug|x64.Build.0 = Debug|Any CPU
		{B43F00B3-220C-4344-9F13-69770E5A8B74}.Debug|x86.ActiveCfg = Debug|Any CPU
		{B43F00B3-220C-4344-9F13-69770E5A8B74}.Debug|x86.Build.0 = Debug|Any CPU
		{B43F00B3-220C-4344-9F13-69770E5A8B74}.Release|Any CPU.ActiveCfg = Release|Any CPU
		{B43F00B3-220C-4344-9F13-69770E5A8B74}.Release|Any CPU.Build.0 = Release|Any CPU
		{B43F00B3-220C-4344-9F13-69770E5A8B74}.Release|x64.ActiveCfg = Release|Any CPU
		{B43F00B3-220C-4344-9F13-69770E5A8B74}.Release|x64.Build.0 = Release|Any CPU
		{B43F00B3-220C-4344-9F13-69770E5A8B74}.Release|x86.ActiveCfg = Release|Any CPU
		{B43F00B3-220C-4344-9F13-69770E5A8B74}.Release|x86.Build.0 = Release|Any CPU
		{3A728D3F-E3A5-4BD2-AA93-B72CD3569655}.Debug|Any CPU.ActiveCfg = Debug|Any CPU
		{3A728D3F-E3A5-4BD2-AA93-B72CD3569655}.Debug|Any CPU.Build.0 = Debug|Any CPU
		{3A728D3F-E3A5-4BD2-AA93-B72CD3569655}.Debug|x64.ActiveCfg = Debug|Any CPU
		{3A728D3F-E3A5-4BD2-AA93-B72CD3569655}.Debug|x64.Build.0 = Debug|Any CPU
		{3A728D3F-E3A5-4BD2-AA93-B72CD3569655}.Debug|x86.ActiveCfg = Debug|Any CPU
		{3A728D3F-E3A5-4BD2-AA93-B72CD3569655}.Debug|x86.Build.0 = Debug|Any CPU
		{3A728D3F-E3A5-4BD2-AA93-B72CD3569655}.Release|Any CPU.ActiveCfg = Release|Any CPU
		{3A728D3F-E3A5-4BD2-AA93-B72CD3569655}.Release|Any CPU.Build.0 = Release|Any CPU
		{3A728D3F-E3A5-4BD2-AA93-B72CD3569655}.Release|x64.ActiveCfg = Release|Any CPU
		{3A728D3F-E3A5-4BD2-AA93-B72CD3569655}.Release|x64.Build.0 = Release|Any CPU
		{3A728D3F-E3A5-4BD2-AA93-B72CD3569655}.Release|x86.ActiveCfg = Release|Any CPU
		{3A728D3F-E3A5-4BD2-AA93-B72CD3569655}.Release|x86.Build.0 = Release|Any CPU
		{C3000000-0000-4000-8000-000000000002}.Debug|Any CPU.ActiveCfg = Debug|Any CPU
		{C3000000-0000-4000-8000-000000000002}.Debug|Any CPU.Build.0 = Debug|Any CPU
		{C3000000-0000-4000-8000-000000000002}.Debug|x64.ActiveCfg = Debug|Any CPU
		{C3000000-0000-4000-8000-000000000002}.Debug|x64.Build.0 = Debug|Any CPU
		{C3000000-0000-4000-8000-000000000002}.Debug|x86.ActiveCfg = Debug|Any CPU
		{C3000000-0000-4000-8000-000000000002}.Debug|x86.Build.0 = Debug|Any CPU
		{C3000000-0000-4000-8000-000000000002}.Release|Any CPU.ActiveCfg = Release|Any CPU
		{C3000000-0000-4000-8000-000000000002}.Release|Any CPU.Build.0 = Release|Any CPU
		{C3000000-0000-4000-8000-000000000002}.Release|x64.ActiveCfg = Release|Any CPU
		{C3000000-0000-4000-8000-000000000002}.Release|x64.Build.0 = Release|Any CPU
		{C3000000-0000-4000-8000-000000000002}.Release|x86.ActiveCfg = Release|Any CPU
		{C3000000-0000-4000-8000-000000000002}.Release|x86.Build.0 = Release|Any CPU
		{C3000000-0000-4000-8000-000000000003}.Debug|Any CPU.ActiveCfg = Debug|Any CPU
		{C3000000-0000-4000-8000-000000000003}.Debug|Any CPU.Build.0 = Debug|Any CPU
		{C3000000-0000-4000-8000-000000000003}.Debug|x64.ActiveCfg = Debug|Any CPU
		{C3000000-0000-4000-8000-000000000003}.Debug|x64.Build.0 = Debug|Any CPU
		{C3000000-0000-4000-8000-000000000003}.Debug|x86.ActiveCfg = Debug|Any CPU
		{C3000000-0000-4000-8000-000000000003}.Debug|x86.Build.0 = Debug|Any CPU
		{C3000000-0000-4000-8000-000000000003}.Release|Any CPU.ActiveCfg = Release|Any CPU
		{C3000000-0000-4000-8000-000000000003}.Release|Any CPU.Build.0 = Release|Any CPU
		{C3000000-0000-4000-8000-000000000003}.Release|x64.ActiveCfg = Release|Any CPU
		{C3000000-0000-4000-8000-000000000003}.Release|x64.Build.0 = Release|Any CPU
		{C3000000-0000-4000-8000-000000000003}.Release|x86.ActiveCfg = Release|Any CPU
		{C3000000-0000-4000-8000-000000000003}.Release|x86.Build.0 = Release|Any CPU
	EndGlobalSection
	GlobalSection(SolutionProperties) = preSolution
		HideSolutionNode = FALSE
	EndGlobalSection
	GlobalSection(NestedProjects) = preSolution
		{81034408-37C8-1011-444E-4C15C2FADA8E} = {827E0CD3-B72D-47B6-A68D-7590B98EB39B}
		{6201477E-B2FE-44CE-B973-D471C0949717} = {81034408-37C8-1011-444E-4C15C2FADA8E}
		{C8E42992-5E42-0C2B-DBFE-AA848D06431C} = {827E0CD3-B72D-47B6-A68D-7590B98EB39B}
		{395550EB-BC2E-5DA5-C7D4-BB130739CB00} = {C8E42992-5E42-0C2B-DBFE-AA848D06431C}
		{748A9D37-3CBE-4879-9F9F-3618182EFE50} = {395550EB-BC2E-5DA5-C7D4-BB130739CB00}
		{4695FFD0-0F29-CFDF-AB1D-8C675D9BAEFE} = {C8E42992-5E42-0C2B-DBFE-AA848D06431C}
		{004CD7C2-1CF1-472B-9DC2-DFA605F7775E} = {4695FFD0-0F29-CFDF-AB1D-8C675D9BAEFE}
		{EC447DCF-ABFA-6E24-52A5-D7FD48A5C558} = {827E0CD3-B72D-47B6-A68D-7590B98EB39B}
		{6A173257-F0CB-840E-F874-18C1C6133E74} = {EC447DCF-ABFA-6E24-52A5-D7FD48A5C558}
		{15D02175-C985-44D8-82A6-3D61115BB696} = {6A173257-F0CB-840E-F874-18C1C6133E74}
		{AAFC5DE4-82FB-4539-9A42-7EC78141BD83} = {0AB3BF05-4346-4AA6-1389-037BE0695223}
		{5EDEBC72-97A5-4CE4-9E17-B9BF9C2B76EF} = {0AB3BF05-4346-4AA6-1389-037BE0695223}
		{4F8A0207-0B0B-4342-87D0-5B2E2DA99EF2} = {0AB3BF05-4346-4AA6-1389-037BE0695223}
		{0EC62A1A-9858-3A60-8A0C-FC9AACFA2EC7} = {EC447DCF-ABFA-6E24-52A5-D7FD48A5C558}
		{7921D4F1-A2DA-494D-B3F3-D60B2030FA04} = {0EC62A1A-9858-3A60-8A0C-FC9AACFA2EC7}
		{958306F4-C1EC-4730-B11D-BA0A0F06A50E} = {0AB3BF05-4346-4AA6-1389-037BE0695223}
		{5B7C77CB-6378-A4C3-91FB-D682616ECDD1} = {EC447DCF-ABFA-6E24-52A5-D7FD48A5C558}
		{B43F00B3-220C-4344-9F13-69770E5A8B74} = {5B7C77CB-6378-A4C3-91FB-D682616ECDD1}
		{3A728D3F-E3A5-4BD2-AA93-B72CD3569655} = {0AB3BF05-4346-4AA6-1389-037BE0695223}
		{C3000000-0000-4000-8000-000000000001} = {EC447DCF-ABFA-6E24-52A5-D7FD48A5C558}
		{C3000000-0000-4000-8000-000000000002} = {C3000000-0000-4000-8000-000000000001}
		{C3000000-0000-4000-8000-000000000003} = {0AB3BF05-4346-4AA6-1389-037BE0695223}
	EndGlobalSection
EndGlobal
